github.com/carlmjohnson/requests v0.24.2 h1:JDakhAmTIKL/qL/1P7Kkc2INGBJIkIFP6xUeUmPzLso=
github.com/carlmjohnson/requests v0.24.2/go.mod h1:duYA/jDnyZ6f3xbcF5PpZ9N8clgopubP2nK5i6MVMhU=
golang.org/x/net v0.50.0 h1:ucWh9eiCGyDR3vtzso0WMQinm2Dnt8cFMuQa9K33J60=
golang.org/x/net v0.50.0/go.mod h1:UgoSli3F/pBgdJBHCTc+tp3gmrU4XswgGRgtnwWTfyM=
